
Microsoft Visual Studio Solution File, Format Version 12.00
# Visual Studio 15
VisualStudioVersion = 15.0.28010.2050
MinimumVisualStudioVersion = 10.0.40219.1
Project("{FAE04EC0-301F-11D3-BF4B-00C04F79EFBC}") = "AngularDotNetCore", "AngularDotNetCore\AngularDotNetCore.csproj", "{1327FD7D-A69B-4B05-A56F-85B6E40BBAE8}"
EndProject
Global
	GlobalSection(SolutionConfigurationPlatforms) = preSolution
		Debug|Any CPU = Debug|Any CPU
		Release|Any CPU = Release|Any CPU
	EndGlobalSection
	GlobalSection(ProjectConfigurationPlatforms) = postSolution
		{1327FD7D-A69B-4B05-A56F-85B6E40BBAE8}.Debug|Any CPU.ActiveCfg = Debug|Any CPU
		{1327FD7D-A69B-4B05-A56F-85B6E40BBAE8}.Debug|Any CPU.Build.0 = Debug|Any CPU
		{1327FD7D-A69B-4B05-A56F-85B6E40BBAE8}.Release|Any CPU.ActiveCfg = Release|Any CPU
		{1327FD7D-A69B-4B05-A56F-85B6E40BBAE8}.Release|Any CPU.Build.0 = Release|Any CPU
	EndGlobalSection
	GlobalSection(SolutionProperties) = preSolution
		HideSolutionNode = FALSE
	EndGlobalSection
	GlobalSection(ExtensibilityGlobals) = postSolution
		SolutionGuid = {B9BE3619-02EC-4D32-A317-2028CA979017}
	EndGlobalSection
EndGlobal
